
Microsoft Visual Studio Solution File, Format Version 12.00
# Visual Studio Version 16
VisualStudioVersion = 16.0.29709.97
MinimumVisualStudioVersion = 10.0.40219.1
Project("{9A19103F-16F7-4668-BE54-9A1E7A4F7556}") = "DiscordAPI", "DiscordAPI.csproj", "{BC8EB380-4BD0-4A13-AA04-E6544AAF1C87}"
EndProject
Project("{2150E333-8FDC-42A3-9474-1A3956D46DE8}") = "Solution Items", "Solution Items", "{3499428D-4146-4732-A312-BB3CCBA07B58}"
	ProjectSection(SolutionItems) = preProject
		.editorconfig = .editorconfig
	EndProjectSection
EndProject
Project("{9A19103F-16F7-4668-BE54-9A1E7A4F7556}") = "RPGBot", "..\RPGBot\RPGBot.csproj", "{6D14093E-FD91-4DED-A9F0-837F734E861B}"
	ProjectSection(ProjectDependencies) = postProject
		{BC8EB380-4BD0-4A13-AA04-E6544AAF1C87} = {BC8EB380-4BD0-4A13-AA04-E6544AAF1C87}
	EndProjectSection
EndProject
Global
	GlobalSection(SolutionConfigurationPlatforms) = preSolution
		Debug|Any CPU = Debug|Any CPU
		Release|Any CPU = Release|Any CPU
	EndGlobalSection
	GlobalSection(ProjectConfigurationPlatforms) = postSolution
		{BC8EB380-4BD0-4A13-AA04-E6544AAF1C87}.Debug|Any CPU.ActiveCfg = Debug|Any CPU
		{BC8EB380-4BD0-4A13-AA04-E6544AAF1C87}.Debug|Any CPU.Build.0 = Debug|Any CPU
		{BC8EB380-4BD0-4A13-AA04-E6544AAF1C87}.Release|Any CPU.ActiveCfg = Release|Any CPU
		{BC8EB380-4BD0-4A13-AA04-E6544AAF1C87}.Release|Any CPU.Build.0 = Release|Any CPU
		{6D14093E-FD91-4DED-A9F0-837F734E861B}.Debug|Any CPU.ActiveCfg = Debug|Any CPU
		{6D14093E-FD91-4DED-A9F0-837F734E861B}.Debug|Any CPU.Build.0 = Debug|Any CPU
		{6D14093E-FD91-4DED-A9F0-837F734E861B}.Release|Any CPU.ActiveCfg = Release|Any CPU
		{6D14093E-FD91-4DED-A9F0-837F734E861B}.Release|Any CPU.Build.0 = Release|Any CPU
	EndGlobalSection
	GlobalSection(SolutionProperties) = preSolution
		HideSolutionNode = FALSE
	EndGlobalSection
	GlobalSection(ExtensibilityGlobals) = postSolution
		SolutionGuid = {8955857D-902A-4E04-A128-ADBE170BDA99}
	EndGlobalSection
EndGlobal
